
Microsoft Visual Studio Solution File, Format Version 12.00
# Visual Studio Version 17
VisualStudioVersion = 17.14.36705.20 d17.14
MinimumVisualStudioVersion = 10.0.40219.1
Project("{FAE04EC0-301F-11D3-BF4B-00C04F79EFBC}") = "IaEapp", "IaEapp\IaEapp.csproj", "{12038277-1C6C-4823-A834-668F71CB6E7B}"
EndProject
Global
	GlobalSection(SolutionConfigurationPlatforms) = preSolution
		Debug|Any CPU = Debug|Any CPU
		Release|Any CPU = Release|Any CPU
	EndGlobalSection
	GlobalSection(ProjectConfigurationPlatforms) = postSolution
		{12038277-1C6C-4823-A834-668F71CB6E7B}.Debug|Any CPU.ActiveCfg = Debug|Any CPU
		{12038277-1C6C-4823-A834-668F71CB6E7B}.Debug|Any CPU.Build.0 = Debug|Any CPU
		{12038277-1C6C-4823-A834-668F71CB6E7B}.Release|Any CPU.ActiveCfg = Release|Any CPU
		{12038277-1C6C-4823-A834-668F71CB6E7B}.Release|Any CPU.Build.0 = Release|Any CPU
	EndGlobalSection
	GlobalSection(SolutionProperties) = preSolution
		HideSolutionNode = FALSE
	EndGlobalSection
	GlobalSection(ExtensibilityGlobals) = postSolution
		SolutionGuid = {4BE434EE-1F26-48C7-BA1A-60AC1B173B60}
	EndGlobalSection
EndGlobal
